// !$*UTF8*$!
{
	archiveVersion = 1;
	classes = {
	};
	objectVersion = 46;
	objects = {

/* Begin PBXBuildFile section */
		B3855E31166ECB04007615AE /* CoreFoundation.framework in Frameworks */ = {isa = PBXBuildFile; fileRef = B3855E30166ECB04007615AE /* CoreFoundation.framework */; };
		B3855E3B166ECB04007615AE /* brackets_shell.h in Headers */ = {isa = PBXBuildFile; fileRef = B3855E3A166ECB04007615AE /* brackets_shell.h */; };
		B3855E3E166ECB04007615AE /* brackets_shell.cp in Sources */ = {isa = PBXBuildFile; fileRef = B3855E3D166ECB04007615AE /* brackets_shell.cp */; };
/* End PBXBuildFile section */

/* Begin PBXFileReference section */
		B3855E2D166ECB04007615AE /* brackets-shell.bundle */ = {isa = PBXFileReference; explicitFileType = wrapper.cfbundle; includeInIndex = 0; path = "brackets-shell.bundle"; sourceTree = BUILT_PRODUCTS_DIR; };
		B3855E30166ECB04007615AE /* CoreFoundation.framework */ = {isa = PBXFileReference; lastKnownFileType = wrapper.framework; name = CoreFoundation.framework; path = System/Library/Frameworks/CoreFoundation.framework; sourceTree = SDKROOT; };
		B3855E34166ECB04007615AE /* brackets-shell-Info.plist */ = {isa = PBXFileReference; lastKnownFileType = text.plist.xml; path = "brackets-shell-Info.plist"; sourceTree = "<group>"; };
		B3855E36166ECB04007615AE /* en */ = {isa = PBXFileReference; lastKnownFileType = text.plist.strings; name = en; path = en.lproj/InfoPlist.strings; sourceTree = "<group>"; };
		B3855E37166ECB04007615AE /* brackets-shell-Prefix.pch */ = {isa = PBXFileReference; lastKnownFileType = sourcecode.c.h; path = "brackets-shell-Prefix.pch"; sourceTree = "<group>"; };
		B3855E38166ECB04007615AE /* brackets_shellProj.xcconfig */ = {isa = PBXFileReference; lastKnownFileType = text.xcconfig; path = brackets_shellProj.xcconfig; sourceTree = "<group>"; };
		B3855E39166ECB04007615AE /* brackets_shellTarget.xcconfig */ = {isa = PBXFileReference; lastKnownFileType = text.xcconfig; path = brackets_shellTarget.xcconfig; sourceTree = "<group>"; };
		B3855E3A166ECB04007615AE /* brackets_shell.h */ = {isa = PBXFileReference; lastKnownFileType = sourcecode.c.h; path = brackets_shell.h; sourceTree = "<group>"; };
		B3855E3C166ECB04007615AE /* brackets_shellPriv.h */ = {isa = PBXFileReference; lastKnownFileType = sourcecode.c.h; path = brackets_shellPriv.h; sourceTree = "<group>"; };
		B3855E3D166ECB04007615AE /* brackets_shell.cp */ = {isa = PBXFileReference; lastKnownFileType = sourcecode.cpp.cpp; path = brackets_shell.cp; sourceTree = "<group>"; };
/* End PBXFileReference section */

/* Begin PBXFrameworksBuildPhase section */
		B3855E2A166ECB04007615AE /* Frameworks */ = {
			isa = PBXFrameworksBuildPhase;
			buildActionMask = 2147483647;
			files = (
				B3855E31166ECB04007615AE /* CoreFoundation.framework in Frameworks */,
			);
			runOnlyForDeploymentPostprocessing = 0;
		};
/* End PBXFrameworksBuildPhase section */

/* Begin PBXGroup section */
		B3855E22166ECB04007615AE = {
			isa = PBXGroup;
			children = (
				B3855E32166ECB04007615AE /* brackets-shell */,
				B3855E2F166ECB04007615AE /* Frameworks */,
				B3855E2E166ECB04007615AE /* Products */,
			);
			sourceTree = "<group>";
		};
		B3855E2E166ECB04007615AE /* Products */ = {
			isa = PBXGroup;
			children = (
				B3855E2D166ECB04007615AE /* brackets-shell.bundle */,
			);
			name = Products;
			sourceTree = "<group>";
		};
		B3855E2F166ECB04007615AE /* Frameworks */ = {
			isa = PBXGroup;
			children = (
				B3855E30166ECB04007615AE /* CoreFoundation.framework */,
			);
			name = Frameworks;
			sourceTree = "<group>";
		};
		B3855E32166ECB04007615AE /* brackets-shell */ = {
			isa = PBXGroup;
			children = (
				B3855E38166ECB04007615AE /* brackets_shellProj.xcconfig */,
				B3855E39166ECB04007615AE /* brackets_shellTarget.xcconfig */,
				B3855E3A166ECB04007615AE /* brackets_shell.h */,
				B3855E3C166ECB04007615AE /* brackets_shellPriv.h */,
				B3855E3D166ECB04007615AE /* brackets_shell.cp */,
				B3855E33166ECB04007615AE /* Supporting Files */,
			);
			path = "brackets-shell";
			sourceTree = "<group>";
		};
		B3855E33166ECB04007615AE /* Supporting Files */ = {
			isa = PBXGroup;
			children = (
				B3855E34166ECB04007615AE /* brackets-shell-Info.plist */,
				B3855E35166ECB04007615AE /* InfoPlist.strings */,
				B3855E37166ECB04007615AE /* brackets-shell-Prefix.pch */,
			);
			name = "Supporting Files";
			sourceTree = "<group>";
		};
/* End PBXGroup section */

/* Begin PBXHeadersBuildPhase section */
		B3855E2B166ECB04007615AE /* Headers */ = {
			isa = PBXHeadersBuildPhase;
			buildActionMask = 2147483647;
			files = (
				B3855E3B166ECB04007615AE /* brackets_shell.h in Headers */,
			);
			runOnlyForDeploymentPostprocessing = 0;
		};
/* End PBXHeadersBuildPhase section */

/* Begin PBXNativeTarget section */
		B3855E2C166ECB04007615AE /* brackets-shell */ = {
			isa = PBXNativeTarget;
			buildConfigurationList = B3855E41166ECB04007615AE /* Build configuration list for PBXNativeTarget "brackets-shell" */;
			buildPhases = (
				B3855E29166ECB04007615AE /* Sources */,
				B3855E2A166ECB04007615AE /* Frameworks */,
				B3855E2B166ECB04007615AE /* Headers */,
			);
			buildRules = (
			);
			dependencies = (
			);
			name = "brackets-shell";
			productName = "brackets-shell";
			productReference = B3855E2D166ECB04007615AE /* brackets-shell.bundle */;
			productType = "com.apple.product-type.bundle";
		};
/* End PBXNativeTarget section */

/* Begin PBXProject section */
		B3855E24166ECB04007615AE /* Project object */ = {
			isa = PBXProject;
			buildConfigurationList = B3855E27166ECB04007615AE /* Build configuration list for PBXProject "brackets-shell" */;
			compatibilityVersion = "Xcode 3.2";
			developmentRegion = English;
			hasScannedForEncodings = 0;
			knownRegions = (
				en,
			);
			mainGroup = B3855E22166ECB04007615AE;
			productRefGroup = B3855E2E166ECB04007615AE /* Products */;
			projectDirPath = "";
			projectRoot = "";
			targets = (
				B3855E2C166ECB04007615AE /* brackets-shell */,
			);
		};
/* End PBXProject section */

/* Begin PBXSourcesBuildPhase section */
		B3855E29166ECB04007615AE /* Sources */ = {
			isa = PBXSourcesBuildPhase;
			buildActionMask = 2147483647;
			files = (
				B3855E3E166ECB04007615AE /* brackets_shell.cp in Sources */,
			);
			runOnlyForDeploymentPostprocessing = 0;
		};
/* End PBXSourcesBuildPhase section */

/* Begin PBXVariantGroup section */
		B3855E35166ECB04007615AE /* InfoPlist.strings */ = {
			isa = PBXVariantGroup;
			children = (
				B3855E36166ECB04007615AE /* en */,
			);
			name = InfoPlist.strings;
			sourceTree = "<group>";
		};
/* End PBXVariantGroup section */

/* Begin XCBuildConfiguration section */
		B3855E3F166ECB04007615AE /* Debug */ = {
			isa = XCBuildConfiguration;
			buildSettings = {
				ALWAYS_SEARCH_USER_PATHS = NO;
				ARCHS = "$(ARCHS_STANDARD_64_BIT)";
				COPY_PHASE_STRIP = NO;
				GCC_C_LANGUAGE_STANDARD = gnu99;
				GCC_DYNAMIC_NO_PIC = NO;
				GCC_ENABLE_OBJC_EXCEPTIONS = YES;
				GCC_OPTIMIZATION_LEVEL = 0;
				GCC_PREPROCESSOR_DEFINITIONS = (
					"DEBUG=1",
					"$(inherited)",
				);
				GCC_SYMBOLS_PRIVATE_EXTERN = NO;
				GCC_VERSION = com.apple.compilers.llvm.clang.1_0;
				GCC_WARN_64_TO_32_BIT_CONVERSION = YES;
				GCC_WARN_ABOUT_MISSING_PROTOTYPES = YES;
				GCC_WARN_ABOUT_RETURN_TYPE = YES;
				GCC_WARN_UNUSED_VARIABLE = YES;
				MACOSX_DEPLOYMENT_TARGET = 10.7;
				ONLY_ACTIVE_ARCH = YES;
				SDKROOT = macosx;
			};
			name = Debug;
		};
		B3855E40166ECB04007615AE /* Release */ = {
			isa = XCBuildConfiguration;
			buildSettings = {
				ALWAYS_SEARCH_USER_PATHS = NO;
				ARCHS = "$(ARCHS_STANDARD_64_BIT)";
				COPY_PHASE_STRIP = YES;
				DEBUG_INFORMATION_FORMAT = "dwarf-with-dsym";
				GCC_C_LANGUAGE_STANDARD = gnu99;
				GCC_ENABLE_OBJC_EXCEPTIONS = YES;
				GCC_VERSION = com.apple.compilers.llvm.clang.1_0;
				GCC_WARN_64_TO_32_BIT_CONVERSION = YES;
				GCC_WARN_ABOUT_MISSING_PROTOTYPES = YES;
				GCC_WARN_ABOUT_RETURN_TYPE = YES;
				GCC_WARN_UNUSED_VARIABLE = YES;
				MACOSX_DEPLOYMENT_TARGET = 10.7;
				SDKROOT = macosx;
			};
			name = Release;
		};
		B3855E42166ECB04007615AE /* Debug */ = {
			isa = XCBuildConfiguration;
			buildSettings = {
				GCC_PRECOMPILE_PREFIX_HEADER = YES;
				GCC_PREFIX_HEADER = "brackets-shell/brackets-shell-Prefix.pch";
				INFOPLIST_FILE = "brackets-shell/brackets-shell-Info.plist";
				PRODUCT_NAME = "$(TARGET_NAME)";
			};
			name = Debug;
		};
		B3855E43166ECB04007615AE /* Release */ = {
			isa = XCBuildConfiguration;
			buildSettings = {
				GCC_PRECOMPILE_PREFIX_HEADER = YES;
				GCC_PREFIX_HEADER = "brackets-shell/brackets-shell-Prefix.pch";
				INFOPLIST_FILE = "brackets-shell/brackets-shell-Info.plist";
				PRODUCT_NAME = "$(TARGET_NAME)";
			};
			name = Release;
		};
/* End XCBuildConfiguration section */

/* Begin XCConfigurationList section */
		B3855E27166ECB04007615AE /* Build configuration list for PBXProject "brackets-shell" */ = {
			isa = XCConfigurationList;
			buildConfigurations = (
				B3855E3F166ECB04007615AE /* Debug */,
				B3855E40166ECB04007615AE /* Release */,
			);
			defaultConfigurationIsVisible = 0;
			defaultConfigurationName = Release;
		};
		B3855E41166ECB04007615AE /* Build configuration list for PBXNativeTarget "brackets-shell" */ = {
			isa = XCConfigurationList;
			buildConfigurations = (
				B3855E42166ECB04007615AE /* Debug */,
				B3855E43166ECB04007615AE /* Release */,
			);
			defaultConfigurationIsVisible = 0;
		};
/* End XCConfigurationList section */
	};
	rootObject = B3855E24166ECB04007615AE /* Project object */;
}
